// !$*UTF8*$!
{
	archiveVersion = 1;
	classes = {
	};
	objectVersion = 46;
	objects = {

/* Begin PBXBuildFile section */
		136D37B61F55D69D00865C43 /* main.m in Sources */ = {isa = PBXBuildFile; fileRef = 136D37B51F55D69D00865C43 /* main.m */; };
		136D37BF1F55DF0900865C43 /* Animal.m in Sources */ = {isa = PBXBuildFile; fileRef = 136D37BE1F55DF0900865C43 /* Animal.m */; };
		136D37C51F566EA900865C43 /* Work.m in Sources */ = {isa = PBXBuildFile; fileRef = 136D37C41F566EA900865C43 /* Work.m */; };
/* End PBXBuildFile section */

/* Begin PBXCopyFilesBuildPhase section */
		136D37B01F55D69D00865C43 /* CopyFiles */ = {
			isa = PBXCopyFilesBuildPhase;
			buildActionMask = 2147483647;
			dstPath = /usr/share/man/man1/;
			dstSubfolderSpec = 0;
			files = (
			);
			runOnlyForDeploymentPostprocessing = 1;
		};
/* End PBXCopyFilesBuildPhase section */

/* Begin PBXFileReference section */
		136D37B21F55D69D00865C43 /* TestEnumStringConvert */ = {isa = PBXFileReference; explicitFileType = "compiled.mach-o.executable"; includeInIndex = 0; path = TestEnumStringConvert; sourceTree = BUILT_PRODUCTS_DIR; };
		136D37B51F55D69D00865C43 /* main.m */ = {isa = PBXFileReference; lastKnownFileType = sourcecode.c.objc; path = main.m; sourceTree = "<group>"; };
		136D37BC1F55DDFE00865C43 /* enum_generator.h */ = {isa = PBXFileReference; fileEncoding = 4; lastKnownFileType = sourcecode.c.h; path = enum_generator.h; sourceTree = "<group>"; };
		136D37BD1F55DF0900865C43 /* Animal.h */ = {isa = PBXFileReference; fileEncoding = 4; lastKnownFileType = sourcecode.c.h; path = Animal.h; sourceTree = "<group>"; };
		136D37BE1F55DF0900865C43 /* Animal.m */ = {isa = PBXFileReference; fileEncoding = 4; lastKnownFileType = sourcecode.c.objc; path = Animal.m; sourceTree = "<group>"; };
		136D37C31F566EA900865C43 /* Work.h */ = {isa = PBXFileReference; fileEncoding = 4; lastKnownFileType = sourcecode.c.h; path = Work.h; sourceTree = "<group>"; };
		136D37C41F566EA900865C43 /* Work.m */ = {isa = PBXFileReference; fileEncoding = 4; lastKnownFileType = sourcecode.c.objc; path = Work.m; sourceTree = "<group>"; };
/* End PBXFileReference section */

/* Begin PBXFrameworksBuildPhase section */
		136D37AF1F55D69D00865C43 /* Frameworks */ = {
			isa = PBXFrameworksBuildPhase;
			buildActionMask = 2147483647;
			files = (
			);
			runOnlyForDeploymentPostprocessing = 0;
		};
/* End PBXFrameworksBuildPhase section */

/* Begin PBXGroup section */
		136D37A91F55D69D00865C43 = {
			isa = PBXGroup;
			children = (
				136D37B41F55D69D00865C43 /* TestEnumStringConvert */,
				136D37B31F55D69D00865C43 /* Products */,
			);
			sourceTree = "<group>";
		};
		136D37B31F55D69D00865C43 /* Products */ = {
			isa = PBXGroup;
			children = (
				136D37B21F55D69D00865C43 /* TestEnumStringConvert */,
			);
			name = Products;
			sourceTree = "<group>";
		};
		136D37B41F55D69D00865C43 /* TestEnumStringConvert */ = {
			isa = PBXGroup;
			children = (
				136D37BC1F55DDFE00865C43 /* enum_generator.h */,
				136D37B51F55D69D00865C43 /* main.m */,
				136D37BD1F55DF0900865C43 /* Animal.h */,
				136D37BE1F55DF0900865C43 /* Animal.m */,
				136D37C31F566EA900865C43 /* Work.h */,
				136D37C41F566EA900865C43 /* Work.m */,
			);
			path = TestEnumStringConvert;
			sourceTree = "<group>";
		};
/* End PBXGroup section */

/* Begin PBXNativeTarget section */
		136D37B11F55D69D00865C43 /* TestEnumStringConvert */ = {
			isa = PBXNativeTarget;
			buildConfigurationList = 136D37B91F55D69D00865C43 /* Build configuration list for PBXNativeTarget "TestEnumStringConvert" */;
			buildPhases = (
				136D37AE1F55D69D00865C43 /* Sources */,
				136D37AF1F55D69D00865C43 /* Frameworks */,
				136D37B01F55D69D00865C43 /* CopyFiles */,
			);
			buildRules = (
			);
			dependencies = (
			);
			name = TestEnumStringConvert;
			productName = TestEnumStringConvert;
			productReference = 136D37B21F55D69D00865C43 /* TestEnumStringConvert */;
			productType = "com.apple.product-type.tool";
		};
/* End PBXNativeTarget section */

/* Begin PBXProject section */
		136D37AA1F55D69D00865C43 /* Project object */ = {
			isa = PBXProject;
			attributes = {
				LastUpgradeCheck = 0830;
				ORGANIZATIONNAME = com.Kyle;
				TargetAttributes = {
					136D37B11F55D69D00865C43 = {
						CreatedOnToolsVersion = 8.3.2;
						DevelopmentTeam = G29F95377T;
						ProvisioningStyle = Automatic;
					};
				};
			};
			buildConfigurationList = 136D37AD1F55D69D00865C43 /* Build configuration list for PBXProject "TestEnumStringConvert" */;
			compatibilityVersion = "Xcode 3.2";
			developmentRegion = English;
			hasScannedForEncodings = 0;
			knownRegions = (
				en,
			);
			mainGroup = 136D37A91F55D69D00865C43;
			productRefGroup = 136D37B31F55D69D00865C43 /* Products */;
			projectDirPath = "";
			projectRoot = "";
			targets = (
				136D37B11F55D69D00865C43 /* TestEnumStringConvert */,
			);
		};
/* End PBXProject section */

/* Begin PBXSourcesBuildPhase section */
		136D37AE1F55D69D00865C43 /* Sources */ = {
			isa = PBXSourcesBuildPhase;
			buildActionMask = 2147483647;
			files = (
				136D37C51F566EA900865C43 /* Work.m in Sources */,
				136D37B61F55D69D00865C43 /* main.m in Sources */,
				136D37BF1F55DF0900865C43 /* Animal.m in Sources */,
			);
			runOnlyForDeploymentPostprocessing = 0;
		};
/* End PBXSourcesBuildPhase section */

/* Begin XCBuildConfiguration section */
		136D37B71F55D69D00865C43 /* Debug */ = {
			isa = XCBuildConfiguration;
			buildSettings = {
				ALWAYS_SEARCH_USER_PATHS = NO;
				CLANG_ANALYZER_NONNULL = YES;
				CLANG_ANALYZER_NUMBER_OBJECT_CONVERSION = YES_AGGRESSIVE;
				CLANG_CXX_LANGUAGE_STANDARD = "gnu++0x";
				CLANG_CXX_LIBRARY = "libc++";
				CLANG_ENABLE_MODULES = YES;
				CLANG_ENABLE_OBJC_ARC = YES;
				CLANG_WARN_BOOL_CONVERSION = YES;
				CLANG_WARN_CONSTANT_CONVERSION = YES;
				CLANG_WARN_DIRECT_OBJC_ISA_USAGE = YES_ERROR;
				CLANG_WARN_DOCUMENTATION_COMMENTS = YES;
				CLANG_WARN_EMPTY_BODY = YES;
				CLANG_WARN_ENUM_CONVERSION = YES;
				CLANG_WARN_INFINITE_RECURSION = YES;
				CLANG_WARN_INT_CONVERSION = YES;
				CLANG_WARN_OBJC_ROOT_CLASS = YES_ERROR;
				CLANG_WARN_SUSPICIOUS_MOVE = YES;
				CLANG_WARN_UNREACHABLE_CODE = YES;
				CLANG_WARN__DUPLICATE_METHOD_MATCH = YES;
				CODE_SIGN_IDENTITY = "-";
				COPY_PHASE_STRIP = NO;
				DEBUG_INFORMATION_FORMAT = dwarf;
				ENABLE_STRICT_OBJC_MSGSEND = YES;
				ENABLE_TESTABILITY = YES;
				GCC_C_LANGUAGE_STANDARD = gnu99;
				GCC_DYNAMIC_NO_PIC = NO;
				GCC_NO_COMMON_BLOCKS = YES;
				GCC_OPTIMIZATION_LEVEL = 0;
				GCC_PREPROCESSOR_DEFINITIONS = (
					"DEBUG=1",
					"$(inherited)",
				);
				GCC_WARN_64_TO_32_BIT_CONVERSION = YES;
				GCC_WARN_ABOUT_RETURN_TYPE = YES_ERROR;
				GCC_WARN_UNDECLARED_SELECTOR = YES;
				GCC_WARN_UNINITIALIZED_AUTOS = YES_AGGRESSIVE;
				GCC_WARN_UNUSED_FUNCTION = YES;
				GCC_WARN_UNUSED_VARIABLE = YES;
				MACOSX_DEPLOYMENT_TARGET = 10.12;
				MTL_ENABLE_DEBUG_INFO = YES;
				ONLY_ACTIVE_ARCH = YES;
				SDKROOT = macosx;
			};
			name = Debug;
		};
		136D37B81F55D69D00865C43 /* Release */ = {
			isa = XCBuildConfiguration;
			buildSettings = {
				ALWAYS_SEARCH_USER_PATHS = NO;
				CLANG_ANALYZER_NONNULL = YES;
				CLANG_ANALYZER_NUMBER_OBJECT_CONVERSION = YES_AGGRESSIVE;
				CLANG_CXX_LANGUAGE_STANDARD = "gnu++0x";
				CLANG_CXX_LIBRARY = "libc++";
				CLANG_ENABLE_MODULES = YES;
				CLANG_ENABLE_OBJC_ARC = YES;
				CLANG_WARN_BOOL_CONVERSION = YES;
				CLANG_WARN_CONSTANT_CONVERSION = YES;
				CLANG_WARN_DIRECT_OBJC_ISA_USAGE = YES_ERROR;
				CLANG_WARN_DOCUMENTATION_COMMENTS = YES;
				CLANG_WARN_EMPTY_BODY = YES;
				CLANG_WARN_ENUM_CONVERSION = YES;
				CLANG_WARN_INFINITE_RECURSION = YES;
				CLANG_WARN_INT_CONVERSION = YES;
				CLANG_WARN_OBJC_ROOT_CLASS = YES_ERROR;
				CLANG_WARN_SUSPICIOUS_MOVE = YES;
				CLANG_WARN_UNREACHABLE_CODE = YES;
				CLANG_WARN__DUPLICATE_METHOD_MATCH = YES;
				CODE_SIGN_IDENTITY = "-";
				COPY_PHASE_STRIP = NO;
				DEBUG_INFORMATION_FORMAT = "dwarf-with-dsym";
				ENABLE_NS_ASSERTIONS = NO;
				ENABLE_STRICT_OBJC_MSGSEND = YES;
				GCC_C_LANGUAGE_STANDARD = gnu99;
				GCC_NO_COMMON_BLOCKS = YES;
				GCC_WARN_64_TO_32_BIT_CONVERSION = YES;
				GCC_WARN_ABOUT_RETURN_TYPE = YES_ERROR;
				GCC_WARN_UNDECLARED_SELECTOR = YES;
				GCC_WARN_UNINITIALIZED_AUTOS = YES_AGGRESSIVE;
				GCC_WARN_UNUSED_FUNCTION = YES;
				GCC_WARN_UNUSED_VARIABLE = YES;
				MACOSX_DEPLOYMENT_TARGET = 10.12;
				MTL_ENABLE_DEBUG_INFO = NO;
				SDKROOT = macosx;
			};
			name = Release;
		};
		136D37BA1F55D69D00865C43 /* Debug */ = {
			isa = XCBuildConfiguration;
			buildSettings = {
				DEVELOPMENT_TEAM = G29F95377T;
				PRODUCT_NAME = "$(TARGET_NAME)";
			};
			name = Debug;
		};
		136D37BB1F55D69D00865C43 /* Release */ = {
			isa = XCBuildConfiguration;
			buildSettings = {
				DEVELOPMENT_TEAM = G29F95377T;
				PRODUCT_NAME = "$(TARGET_NAME)";
			};
			name = Release;
		};
/* End XCBuildConfiguration section */

/* Begin XCConfigurationList section */
		136D37AD1F55D69D00865C43 /* Build configuration list for PBXProject "TestEnumStringConvert" */ = {
			isa = XCConfigurationList;
			buildConfigurations = (
				136D37B71F55D69D00865C43 /* Debug */,
				136D37B81F55D69D00865C43 /* Release */,
			);
			defaultConfigurationIsVisible = 0;
			defaultConfigurationName = Release;
		};
		136D37B91F55D69D00865C43 /* Build configuration list for PBXNativeTarget "TestEnumStringConvert" */ = {
			isa = XCConfigurationList;
			buildConfigurations = (
				136D37BA1F55D69D00865C43 /* Debug */,
				136D37BB1F55D69D00865C43 /* Release */,
			);
			defaultConfigurationIsVisible = 0;
		};
/* End XCConfigurationList section */
	};
	rootObject = 136D37AA1F55D69D00865C43 /* Project object */;
}
